
Microsoft Visual Studio Solution File, Format Version 12.00
# Visual Studio Version 17
VisualStudioVersion = 17.3.32901.215
MinimumVisualStudioVersion = 10.0.40219.1
Project("{9A19103F-16F7-4668-BE54-9A1E7A4F7556}") = "KustoCompanionWin", "KustoCompanionWin\KustoCompanionWin.csproj", "{0BEA358D-798B-4F55-9633-28FBFDDAEA6F}"
EndProject
Project("{9A19103F-16F7-4668-BE54-9A1E7A4F7556}") = "CompanionCore", "CompanionCore\CompanionCore.csproj", "{ED5D3B0A-270E-430D-94E2-6F7EE093560E}"
EndProject
Project("{9A19103F-16F7-4668-BE54-9A1E7A4F7556}") = "KustoWorker", "KustoWorker\KustoWorker.csproj", "{8D05842F-0B74-446B-B300-1752D24124D5}"
EndProject
Project("{FAE04EC0-301F-11D3-BF4B-00C04F79EFBC}") = "KustoWorkerTests", "KustoWorkerTests\KustoWorkerTests.csproj", "{5E9B5C6B-3829-475C-B60C-A19E61A1B171}"
EndProject
Project("{2150E333-8FDC-42A3-9474-1A3956D46DE8}") = "Src", "Src", "{4BC7CAD0-397E-4D5A-B540-7B3026CCE056}"
EndProject
Project("{2150E333-8FDC-42A3-9474-1A3956D46DE8}") = "Tests", "Tests", "{9EBB0E80-D817-4083-B655-FCFEAAAF8656}"
EndProject
Project("{FAE04EC0-301F-11D3-BF4B-00C04F79EFBC}") = "CompanionCoreTests", "CompanionCoreTests\CompanionCoreTests.csproj", "{EB64CAF4-75E3-44FD-97BF-34D7D2914C8C}"
EndProject
Global
	GlobalSection(SolutionConfigurationPlatforms) = preSolution
		Debug|Any CPU = Debug|Any CPU
		Release|Any CPU = Release|Any CPU
	EndGlobalSection
	GlobalSection(ProjectConfigurationPlatforms) = postSolution
		{0BEA358D-798B-4F55-9633-28FBFDDAEA6F}.Debug|Any CPU.ActiveCfg = Debug|Any CPU
		{0BEA358D-798B-4F55-9633-28FBFDDAEA6F}.Debug|Any CPU.Build.0 = Debug|Any CPU
		{0BEA358D-798B-4F55-9633-28FBFDDAEA6F}.Release|Any CPU.ActiveCfg = Release|Any CPU
		{0BEA358D-798B-4F55-9633-28FBFDDAEA6F}.Release|Any CPU.Build.0 = Release|Any CPU
		{ED5D3B0A-270E-430D-94E2-6F7EE093560E}.Debug|Any CPU.ActiveCfg = Debug|Any CPU
		{ED5D3B0A-270E-430D-94E2-6F7EE093560E}.Debug|Any CPU.Build.0 = Debug|Any CPU
		{ED5D3B0A-270E-430D-94E2-6F7EE093560E}.Release|Any CPU.ActiveCfg = Release|Any CPU
		{ED5D3B0A-270E-430D-94E2-6F7EE093560E}.Release|Any CPU.Build.0 = Release|Any CPU
		{8D05842F-0B74-446B-B300-1752D24124D5}.Debug|Any CPU.ActiveCfg = Debug|Any CPU
		{8D05842F-0B74-446B-B300-1752D24124D5}.Debug|Any CPU.Build.0 = Debug|Any CPU
		{8D05842F-0B74-446B-B300-1752D24124D5}.Release|Any CPU.ActiveCfg = Release|Any CPU
		{8D05842F-0B74-446B-B300-1752D24124D5}.Release|Any CPU.Build.0 = Release|Any CPU
		{5E9B5C6B-3829-475C-B60C-A19E61A1B171}.Debug|Any CPU.ActiveCfg = Debug|Any CPU
		{5E9B5C6B-3829-475C-B60C-A19E61A1B171}.Debug|Any CPU.Build.0 = Debug|Any CPU
		{5E9B5C6B-3829-475C-B60C-A19E61A1B171}.Release|Any CPU.ActiveCfg = Release|Any CPU
		{5E9B5C6B-3829-475C-B60C-A19E61A1B171}.Release|Any CPU.Build.0 = Release|Any CPU
		{EB64CAF4-75E3-44FD-97BF-34D7D2914C8C}.Debug|Any CPU.ActiveCfg = Debug|Any CPU
		{EB64CAF4-75E3-44FD-97BF-34D7D2914C8C}.Debug|Any CPU.Build.0 = Debug|Any CPU
		{EB64CAF4-75E3-44FD-97BF-34D7D2914C8C}.Release|Any CPU.ActiveCfg = Release|Any CPU
		{EB64CAF4-75E3-44FD-97BF-34D7D2914C8C}.Release|Any CPU.Build.0 = Release|Any CPU
	EndGlobalSection
	GlobalSection(SolutionProperties) = preSolution
		HideSolutionNode = FALSE
	EndGlobalSection
	GlobalSection(NestedProjects) = preSolution
		{0BEA358D-798B-4F55-9633-28FBFDDAEA6F} = {4BC7CAD0-397E-4D5A-B540-7B3026CCE056}
		{ED5D3B0A-270E-430D-94E2-6F7EE093560E} = {4BC7CAD0-397E-4D5A-B540-7B3026CCE056}
		{8D05842F-0B74-446B-B300-1752D24124D5} = {4BC7CAD0-397E-4D5A-B540-7B3026CCE056}
		{5E9B5C6B-3829-475C-B60C-A19E61A1B171} = {9EBB0E80-D817-4083-B655-FCFEAAAF8656}
		{EB64CAF4-75E3-44FD-97BF-34D7D2914C8C} = {9EBB0E80-D817-4083-B655-FCFEAAAF8656}
	EndGlobalSection
	GlobalSection(ExtensibilityGlobals) = postSolution
		SolutionGuid = {0445A3C9-3845-4CB1-95B4-345B12DBB2CF}
	EndGlobalSection
EndGlobal
